<?xml version="1.0" encoding="utf-8"?>
<Project ToolsVersion="4.0" xmlns="http://schemas.microsoft.com/developer/msbuild/2003">
  <ItemGroup>
    <Filter Include="源文件">
      <UniqueIdentifier>{4FC737F1-C7A5-4376-A066-2A32D752A2FF}</UniqueIdentifier>
      <Extensions>cpp;c;cc;cxx;def;odl;idl;hpj;bat;asm;asmx</Extensions>
    </Filter>
    <Filter Include="头文件">
      <UniqueIdentifier>{93995380-89BD-4b04-88EB-625FBE52EBFB}</UniqueIdentifier>
      <Extensions>h;hh;hpp;hxx;hm;inl;inc;xsd</Extensions>
    </Filter>
    <Filter Include="资源文件">
      <UniqueIdentifier>{67DA6AB6-F800-4c08-8B7A-83BB121AAD01}</UniqueIdentifier>
      <Extensions>rc;ico;cur;bmp;dlg;rc2;rct;bin;rgs;gif;jpg;jpeg;jpe;resx;tiff;tif;png;wav;mfcribbon-ms</Extensions>
    </Filter>
    <Filter Include="afos">
      <UniqueIdentifier>{1d6a0ad6-316d-4920-80e3-3c4d9d64172d}</UniqueIdentifier>
    </Filter>
  </ItemGroup>
  <ItemGroup>
    <ClCompile Include="main.cpp">
      <Filter>源文件</Filter>
    </ClCompile>
    <ClCompile Include="afos\AfCd_Win32.cpp">
      <Filter>afos</Filter>
    </ClCompile>
    <ClCompile Include="afos\AfFineClock_Win32.cpp">
      <Filter>afos</Filter>
    </ClCompile>
    <ClCompile Include="afos\AfMutex_Linux.cpp">
      <Filter>afos</Filter>
    </ClCompile>
    <ClCompile Include="afos\AfMutex_Win32.cpp">
      <Filter>afos</Filter>
    </ClCompile>
    <ClCompile Include="afos\AfSem_Linux.cpp">
      <Filter>afos</Filter>
    </ClCompile>
    <ClCompile Include="afos\AfSem_Win32.cpp">
      <Filter>afos</Filter>
    </ClCompile>
    <ClCompile Include="afos\AfSocket.cpp">
      <Filter>afos</Filter>
    </ClCompile>
    <ClCompile Include="afos\AfThread_Linux.cpp">
      <Filter>afos</Filter>
    </ClCompile>
    <ClCompile Include="afos\AfThread_Win32.cpp">
      <Filter>afos</Filter>
    </ClCompile>
    <ClCompile Include="TcpConn.cpp">
      <Filter>源文件</Filter>
    </ClCompile>
    <ClCompile Include="TcpHelper.cpp">
      <Filter>源文件</Filter>
    </ClCompile>
  </ItemGroup>
  <ItemGroup>
    <ClInclude Include="afos\AfCd.h">
      <Filter>afos</Filter>
    </ClInclude>
    <ClInclude Include="afos\AfFineClock.h">
      <Filter>afos</Filter>
    </ClInclude>
    <ClInclude Include="afos\AfMutex.h">
      <Filter>afos</Filter>
    </ClInclude>
    <ClInclude Include="afos\AfSem.h">
      <Filter>afos</Filter>
    </ClInclude>
    <ClInclude Include="afos\AfSocket.h">
      <Filter>afos</Filter>
    </ClInclude>
    <ClInclude Include="afos\AfThread.h">
      <Filter>afos</Filter>
    </ClInclude>
    <ClInclude Include="Endian.h">
      <Filter>头文件</Filter>
    </ClInclude>
    <ClInclude Include="TcpConn.h">
      <Filter>头文件</Filter>
    </ClInclude>
    <ClInclude Include="TcpHelper.h">
      <Filter>头文件</Filter>
    </ClInclude>
  </ItemGroup>
  <ItemGroup>
    <Text Include="afos\ChangeLog.txt">
      <Filter>afos</Filter>
    </Text>
  </ItemGroup>
</Project>